{
  "nodes": {
    "flake-utils": {
      "locked": {
        "lastModified": 1667077288,
        "narHash": "sha256-bdC8sFNDpT0HK74u9fUkpbf1MEzVYJ+ka7NXCdgBoaA=",
        "owner": "numtide",
        "repo": "flake-utils",
        "rev": "6ee9ebb6b1ee695d2cacc4faa053a7b9baa76817",
        "type": "github"
      },
      "original": {
        "owner": "numtide",
        "repo": "flake-utils",
        "type": "github"
      }
    },
    "git-conflict": {
      "flake": false,
      "locked": {
        "lastModified": 1661957422,
        "narHash": "sha256-SkKZxrHKFpZsqnUlr+ft1wSdMP9l6YMly8f9o4Mb81c=",
        "owner": "akinsho",
        "repo": "git-conflict.nvim",
        "rev": "0f87781ad92957a5354197baed9a6ace56332aa7",
        "type": "github"
      },
      "original": {
        "owner": "akinsho",
        "repo": "git-conflict.nvim",
        "type": "github"
      }
    },
    "nixpkgs": {
      "locked": {
        "lastModified": 1667231093,
        "narHash": "sha256-RERXruzBEBuf0c7OfZeX1hxEKB+PTCUNxWeB6C1jd8Y=",
        "owner": "NixOS",
        "repo": "nixpkgs",
        "rev": "d40fea9aeb8840fea0d377baa4b38e39b9582458",
        "type": "github"
      },
      "original": {
        "owner": "NixOS",
        "ref": "nixos-unstable",
        "repo": "nixpkgs",
        "type": "github"
      }
    },
    "nvim-parinfer": {
      "flake": false,
      "locked": {
        "lastModified": 1648059699,
        "narHash": "sha256-Dlzfp3CZTzq8zQeHByWf3ER6/Em+KNGYNI4Z17ui8Lc=",
        "owner": "gpanders",
        "repo": "nvim-parinfer",
        "rev": "82bce5798993f4fe5ced20e74003b492490b4fe8",
        "type": "github"
      },
      "original": {
        "owner": "gpanders",
        "repo": "nvim-parinfer",
        "type": "github"
      }
    },
    "root": {
      "inputs": {
        "flake-utils": "flake-utils",
        "git-conflict": "git-conflict",
        "nixpkgs": "nixpkgs",
        "nvim-parinfer": "nvim-parinfer",
        "yuck-vim": "yuck-vim"
      }
    },
    "yuck-vim": {
      "flake": false,
      "locked": {
        "lastModified": 1667045807,
        "narHash": "sha256-F7aS8d6jJQQoIGkG2o4KNnDZAIrq0c+otIHvjdoGbtY=",
        "owner": "elkowar",
        "repo": "yuck.vim",
        "rev": "9b5e0370f70cc30383e1dabd6c215475915fe5c3",
        "type": "github"
      },
      "original": {
        "owner": "elkowar",
        "repo": "yuck.vim",
        "type": "github"
      }
    }
  },
  "root": "root",
  "version": 7
}
